
Microsoft Visual Studio Solution File, Format Version 12.00
# Visual Studio Version 17
VisualStudioVersion = 17.11.35222.181
MinimumVisualStudioVersion = 10.0.40219.1
Project("{8BC9CEB8-8B4A-11D0-8D11-00A0C91BC942}") = "FlappyBirdSFML", "FlappyBirdSFML\FlappyBirdSFML.vcxproj", "{1160ABD7-F22C-46DE-B6E0-F7B8BB50F349}"
EndProject
Global
	GlobalSection(SolutionConfigurationPlatforms) = preSolution
		Debug|x64 = Debug|x64
		Debug|x86 = Debug|x86
		Release|x64 = Release|x64
		Release|x86 = Release|x86
	EndGlobalSection
	GlobalSection(ProjectConfigurationPlatforms) = postSolution
		{1160ABD7-F22C-46DE-B6E0-F7B8BB50F349}.Debug|x64.ActiveCfg = Debug|x64
		{1160ABD7-F22C-46DE-B6E0-F7B8BB50F349}.Debug|x64.Build.0 = Debug|x64
		{1160ABD7-F22C-46DE-B6E0-F7B8BB50F349}.Debug|x86.ActiveCfg = Debug|Win32
		{1160ABD7-F22C-46DE-B6E0-F7B8BB50F349}.Debug|x86.Build.0 = Debug|Win32
		{1160ABD7-F22C-46DE-B6E0-F7B8BB50F349}.Release|x64.ActiveCfg = Release|x64
		{1160ABD7-F22C-46DE-B6E0-F7B8BB50F349}.Release|x64.Build.0 = Release|x64
		{1160ABD7-F22C-46DE-B6E0-F7B8BB50F349}.Release|x86.ActiveCfg = Release|Win32
		{1160ABD7-F22C-46DE-B6E0-F7B8BB50F349}.Release|x86.Build.0 = Release|Win32
	EndGlobalSection
	GlobalSection(SolutionProperties) = preSolution
		HideSolutionNode = FALSE
	EndGlobalSection
	GlobalSection(ExtensibilityGlobals) = postSolution
		SolutionGuid = {C8F0B7A3-6947-4D1A-A285-18D3402689C6}
	EndGlobalSection
EndGlobal
