
Microsoft Visual Studio Solution File, Format Version 12.00
# Visual Studio Version 17
VisualStudioVersion = 17.11.35222.181
MinimumVisualStudioVersion = 10.0.40219.1
Project("{8BC9CEB8-8B4A-11D0-8D11-00A0C91BC942}") = "DemanarEdatInstagram", "DemanarEdatInstagram\DemanarEdatInstagram.vcxproj", "{97AFD11D-FDD6-4722-A34A-AC1DF4870987}"
EndProject
Global
	GlobalSection(SolutionConfigurationPlatforms) = preSolution
		Debug|x64 = Debug|x64
		Debug|x86 = Debug|x86
		Release|x64 = Release|x64
		Release|x86 = Release|x86
	EndGlobalSection
	GlobalSection(ProjectConfigurationPlatforms) = postSolution
		{97AFD11D-FDD6-4722-A34A-AC1DF4870987}.Debug|x64.ActiveCfg = Debug|x64
		{97AFD11D-FDD6-4722-A34A-AC1DF4870987}.Debug|x64.Build.0 = Debug|x64
		{97AFD11D-FDD6-4722-A34A-AC1DF4870987}.Debug|x86.ActiveCfg = Debug|Win32
		{97AFD11D-FDD6-4722-A34A-AC1DF4870987}.Debug|x86.Build.0 = Debug|Win32
		{97AFD11D-FDD6-4722-A34A-AC1DF4870987}.Release|x64.ActiveCfg = Release|x64
		{97AFD11D-FDD6-4722-A34A-AC1DF4870987}.Release|x64.Build.0 = Release|x64
		{97AFD11D-FDD6-4722-A34A-AC1DF4870987}.Release|x86.ActiveCfg = Release|Win32
		{97AFD11D-FDD6-4722-A34A-AC1DF4870987}.Release|x86.Build.0 = Release|Win32
	EndGlobalSection
	GlobalSection(SolutionProperties) = preSolution
		HideSolutionNode = FALSE
	EndGlobalSection
	GlobalSection(ExtensibilityGlobals) = postSolution
		SolutionGuid = {365435EB-72EC-48E5-A444-92569A1E0B19}
	EndGlobalSection
EndGlobal
