
Microsoft Visual Studio Solution File, Format Version 12.00
# Visual Studio Version 17
VisualStudioVersion = 17.11.35222.181
MinimumVisualStudioVersion = 10.0.40219.1
Project("{8BC9CEB8-8B4A-11D0-8D11-00A0C91BC942}") = "PensamentComputacional", "PensamentComputacional\PensamentComputacional.vcxproj", "{E29F4822-7FB9-43C2-994F-C35D0F579128}"
EndProject
Global
	GlobalSection(SolutionConfigurationPlatforms) = preSolution
		Debug|x64 = Debug|x64
		Debug|x86 = Debug|x86
		Release|x64 = Release|x64
		Release|x86 = Release|x86
	EndGlobalSection
	GlobalSection(ProjectConfigurationPlatforms) = postSolution
		{E29F4822-7FB9-43C2-994F-C35D0F579128}.Debug|x64.ActiveCfg = Debug|x64
		{E29F4822-7FB9-43C2-994F-C35D0F579128}.Debug|x64.Build.0 = Debug|x64
		{E29F4822-7FB9-43C2-994F-C35D0F579128}.Debug|x86.ActiveCfg = Debug|Win32
		{E29F4822-7FB9-43C2-994F-C35D0F579128}.Debug|x86.Build.0 = Debug|Win32
		{E29F4822-7FB9-43C2-994F-C35D0F579128}.Release|x64.ActiveCfg = Release|x64
		{E29F4822-7FB9-43C2-994F-C35D0F579128}.Release|x64.Build.0 = Release|x64
		{E29F4822-7FB9-43C2-994F-C35D0F579128}.Release|x86.ActiveCfg = Release|Win32
		{E29F4822-7FB9-43C2-994F-C35D0F579128}.Release|x86.Build.0 = Release|Win32
	EndGlobalSection
	GlobalSection(SolutionProperties) = preSolution
		HideSolutionNode = FALSE
	EndGlobalSection
	GlobalSection(ExtensibilityGlobals) = postSolution
		SolutionGuid = {07144956-C55E-4174-8A98-3D8352FA7759}
	EndGlobalSection
EndGlobal
